<?xml version="1.0" encoding="utf-8"?>
<Project ToolsVersion="15.0" xmlns="http://schemas.microsoft.com/developer/msbuild/2003">
  <ItemGroup>
    <Filter Include="Resource Files">
      <UniqueIdentifier>{67DA6AB6-F800-4c08-8B7A-83BB121AAD01}</UniqueIdentifier>
      <Extensions>rc;ico;cur;bmp;dlg;rc2;rct;bin;rgs;gif;jpg;jpeg;jpe;resx;tga;tiff;tif;png;wav;mfcribbon-ms</Extensions>
    </Filter>
    <Filter Include="Desperabis">
      <UniqueIdentifier>{f5fa2e26-f18d-4042-8f12-25a0d42cf810}</UniqueIdentifier>
    </Filter>
    <Filter Include="Desperabis\Asset">
      <UniqueIdentifier>{5f2d79d7-fda3-41fb-9f9e-f69e1390554a}</UniqueIdentifier>
    </Filter>
    <Filter Include="Desperabis\IO">
      <UniqueIdentifier>{f720551a-38b2-4bf3-850e-9008151d9fec}</UniqueIdentifier>
    </Filter>
    <Filter Include="Desperabis\Math">
      <UniqueIdentifier>{9784c764-63c5-441f-a8d3-d79fe76e971a}</UniqueIdentifier>
    </Filter>
    <Filter Include="Desperabis\Renderer">
      <UniqueIdentifier>{d99efd68-75d3-43f7-88bd-bee7ba201677}</UniqueIdentifier>
    </Filter>
    <Filter Include="Desperabis\Scene">
      <UniqueIdentifier>{92ec9e66-314d-47e6-8d9b-c3f06cbde659}</UniqueIdentifier>
    </Filter>
    <Filter Include="Desperabis\GamePlay">
      <UniqueIdentifier>{4d874b24-9ca2-422c-a415-0283f556cb5b}</UniqueIdentifier>
    </Filter>
    <Filter Include="Physics">
      <UniqueIdentifier>{42ba65cc-2d2d-4307-9685-d02be838dff8}</UniqueIdentifier>
    </Filter>
  </ItemGroup>
  <ItemGroup>
    <ClCompile Include="DesperabisBaseLibUWP.cpp" />
    <ClCompile Include="pch.cpp" />
    <ClCompile Include="..\SharedSource\base\Asset\AnimationSequence.cpp">
      <Filter>Desperabis\Asset</Filter>
    </ClCompile>
    <ClCompile Include="..\SharedSource\base\Asset\AssetBase.cpp">
      <Filter>Desperabis\Asset</Filter>
    </ClCompile>
    <ClCompile Include="..\SharedSource\base\Asset\AssetManager.cpp">
      <Filter>Desperabis\Asset</Filter>
    </ClCompile>
    <ClCompile Include="..\SharedSource\base\Asset\Model.cpp">
      <Filter>Desperabis\Asset</Filter>
    </ClCompile>
    <ClCompile Include="..\SharedSource\base\Asset\ModelAnim.cpp">
      <Filter>Desperabis\Asset</Filter>
    </ClCompile>
    <ClCompile Include="..\SharedSource\base\Asset\ModelGeometry.cpp">
      <Filter>Desperabis\Asset</Filter>
    </ClCompile>
    <ClCompile Include="..\SharedSource\base\Asset\Palette.cpp">
      <Filter>Desperabis\Asset</Filter>
    </ClCompile>
    <ClCompile Include="..\SharedSource\base\Asset\Texture.cpp">
      <Filter>Desperabis\Asset</Filter>
    </ClCompile>
    <ClCompile Include="..\SharedSource\base\IO\FileManager.cpp">
      <Filter>Desperabis\IO</Filter>
    </ClCompile>
    <ClCompile Include="..\SharedSource\base\Math\Math.cpp">
      <Filter>Desperabis\Math</Filter>
    </ClCompile>
    <ClCompile Include="..\SharedSource\base\Renderer\Camera.cpp">
      <Filter>Desperabis\Renderer</Filter>
    </ClCompile>
    <ClCompile Include="..\SharedSource\base\Renderer\DrawCall.cpp">
      <Filter>Desperabis\Renderer</Filter>
    </ClCompile>
    <ClCompile Include="..\SharedSource\base\Renderer\Renderable.cpp">
      <Filter>Desperabis\Renderer</Filter>
    </ClCompile>
    <ClCompile Include="..\SharedSource\base\Renderer\RenderableInstance.cpp">
      <Filter>Desperabis\Renderer</Filter>
    </ClCompile>
    <ClCompile Include="..\SharedSource\base\Renderer\Renderer.cpp">
      <Filter>Desperabis\Renderer</Filter>
    </ClCompile>
    <ClCompile Include="..\SharedSource\base\Renderer\Visibility.cpp">
      <Filter>Desperabis\Renderer</Filter>
    </ClCompile>
    <ClCompile Include="..\SharedSource\base\Scene\AnimationPose.cpp">
      <Filter>Desperabis\Scene</Filter>
    </ClCompile>
    <ClCompile Include="..\SharedSource\base\Scene\GameObject.cpp">
      <Filter>Desperabis\Scene</Filter>
    </ClCompile>
    <ClCompile Include="..\SharedSource\base\Scene\Scene.cpp">
      <Filter>Desperabis\Scene</Filter>
    </ClCompile>
    <ClCompile Include="..\SharedSource\base\Scene\Transformable.cpp">
      <Filter>Desperabis\Scene</Filter>
    </ClCompile>
    <ClCompile Include="..\SharedSource\base\Asset\Level.cpp">
      <Filter>Desperabis\Asset</Filter>
    </ClCompile>
    <ClCompile Include="..\SharedSource\base\Asset\LevelInfo.cpp">
      <Filter>Desperabis\Asset</Filter>
    </ClCompile>
    <ClCompile Include="..\SharedSource\base\Asset\TextureAnim.cpp">
      <Filter>Desperabis\Asset</Filter>
    </ClCompile>
    <ClCompile Include="..\SharedSource\base\GamePlay\GamePlay.cpp">
      <Filter>Desperabis\GamePlay</Filter>
    </ClCompile>
    <ClCompile Include="..\SharedSource\base\Asset\DebugGeometry.cpp">
      <Filter>Desperabis\Asset</Filter>
    </ClCompile>
    <ClCompile Include="..\SharedSource\base\Renderer\LightSource.cpp">
      <Filter>Desperabis\Renderer</Filter>
    </ClCompile>
    <ClCompile Include="..\SharedSource\base\GamePlay\SimpleBehavior.cpp">
      <Filter>Desperabis\GamePlay</Filter>
    </ClCompile>
    <ClCompile Include="..\SharedSource\base\Asset\GridCellArray.cpp">
      <Filter>Desperabis\Asset</Filter>
    </ClCompile>
    <ClCompile Include="..\SharedSource\base\Asset\TextInclude.cpp">
      <Filter>Desperabis\Asset</Filter>
    </ClCompile>
    <ClCompile Include="..\SharedSource\base\Physics\PhysicsInterface.cpp">
      <Filter>Physics</Filter>
    </ClCompile>
    <ClCompile Include="..\SharedSource\base\Renderer\VisibilityTileGrid.cpp">
      <Filter>Desperabis\Renderer</Filter>
    </ClCompile>
    <ClCompile Include="..\SharedSource\base\Renderer\GlobalSettings.cpp">
      <Filter>Desperabis\Renderer</Filter>
    </ClCompile>
  </ItemGroup>
  <ItemGroup>
    <ClInclude Include="DesperabisBaseLibUWP.h" />
    <ClInclude Include="pch.h" />
    <ClInclude Include="targetver.h" />
    <ClInclude Include="..\SharedSource\base\Asset\AnimationSequence.h">
      <Filter>Desperabis\Asset</Filter>
    </ClInclude>
    <ClInclude Include="..\SharedSource\base\Asset\AssetBase.h">
      <Filter>Desperabis\Asset</Filter>
    </ClInclude>
    <ClInclude Include="..\SharedSource\base\Asset\AssetManager.h">
      <Filter>Desperabis\Asset</Filter>
    </ClInclude>
    <ClInclude Include="..\SharedSource\base\Asset\Model.h">
      <Filter>Desperabis\Asset</Filter>
    </ClInclude>
    <ClInclude Include="..\SharedSource\base\Asset\ModelAnim.h">
      <Filter>Desperabis\Asset</Filter>
    </ClInclude>
    <ClInclude Include="..\SharedSource\base\Asset\ModelGeometry.h">
      <Filter>Desperabis\Asset</Filter>
    </ClInclude>
    <ClInclude Include="..\SharedSource\base\Asset\Palette.h">
      <Filter>Desperabis\Asset</Filter>
    </ClInclude>
    <ClInclude Include="..\SharedSource\base\Asset\Texture.h">
      <Filter>Desperabis\Asset</Filter>
    </ClInclude>
    <ClInclude Include="..\SharedSource\base\IO\FileManager.h">
      <Filter>Desperabis\IO</Filter>
    </ClInclude>
    <ClInclude Include="..\SharedSource\base\Math\Math.h">
      <Filter>Desperabis\Math</Filter>
    </ClInclude>
    <ClInclude Include="..\SharedSource\base\Renderer\Camera.h">
      <Filter>Desperabis\Renderer</Filter>
    </ClInclude>
    <ClInclude Include="..\SharedSource\base\Renderer\DrawCall.h">
      <Filter>Desperabis\Renderer</Filter>
    </ClInclude>
    <ClInclude Include="..\SharedSource\base\Renderer\IGraphicsRuntimeObject.h">
      <Filter>Desperabis\Renderer</Filter>
    </ClInclude>
    <ClInclude Include="..\SharedSource\base\Renderer\Renderable.h">
      <Filter>Desperabis\Renderer</Filter>
    </ClInclude>
    <ClInclude Include="..\SharedSource\base\Renderer\RenderableInstance.h">
      <Filter>Desperabis\Renderer</Filter>
    </ClInclude>
    <ClInclude Include="..\SharedSource\base\Renderer\Renderer.h">
      <Filter>Desperabis\Renderer</Filter>
    </ClInclude>
    <ClInclude Include="..\SharedSource\base\Renderer\Visibility.h">
      <Filter>Desperabis\Renderer</Filter>
    </ClInclude>
    <ClInclude Include="..\SharedSource\base\Scene\AnimationPose.h">
      <Filter>Desperabis\Scene</Filter>
    </ClInclude>
    <ClInclude Include="..\SharedSource\base\Scene\GameObject.h">
      <Filter>Desperabis\Scene</Filter>
    </ClInclude>
    <ClInclude Include="..\SharedSource\base\Scene\Scene.h">
      <Filter>Desperabis\Scene</Filter>
    </ClInclude>
    <ClInclude Include="..\SharedSource\base\Scene\Transformable.h">
      <Filter>Desperabis\Scene</Filter>
    </ClInclude>
    <ClInclude Include="..\SharedSource\base\Asset\LevelInfo.h">
      <Filter>Desperabis\Asset</Filter>
    </ClInclude>
    <ClInclude Include="..\SharedSource\base\Asset\Level.h">
      <Filter>Desperabis\Asset</Filter>
    </ClInclude>
    <ClInclude Include="..\SharedSource\base\Asset\TextureAnim.h">
      <Filter>Desperabis\Asset</Filter>
    </ClInclude>
    <ClInclude Include="..\SharedSource\base\GamePlay\GamePlay.h">
      <Filter>Desperabis\GamePlay</Filter>
    </ClInclude>
    <ClInclude Include="..\SharedSource\base\Asset\RawGameObject.h">
      <Filter>Desperabis\Asset</Filter>
    </ClInclude>
    <ClInclude Include="..\SharedSource\base\Asset\DebugGeometry.h">
      <Filter>Desperabis\Asset</Filter>
    </ClInclude>
    <ClInclude Include="..\SharedSource\base\Renderer\LightSource.h">
      <Filter>Desperabis\Renderer</Filter>
    </ClInclude>
    <ClInclude Include="..\SharedSource\base\GamePlay\SimpleBehavior.h">
      <Filter>Desperabis\GamePlay</Filter>
    </ClInclude>
    <ClInclude Include="..\SharedSource\base\CommonDefines.h">
      <Filter>Desperabis</Filter>
    </ClInclude>
    <ClInclude Include="..\SharedSource\base\Renderer\RendererCommon.h">
      <Filter>Desperabis\Renderer</Filter>
    </ClInclude>
    <ClInclude Include="..\SharedSource\base\Asset\GridCellArray.h">
      <Filter>Desperabis\Asset</Filter>
    </ClInclude>
    <ClInclude Include="..\SharedSource\base\Asset\TextInclude.h">
      <Filter>Desperabis\Asset</Filter>
    </ClInclude>
    <ClInclude Include="..\SharedSource\base\Physics\PhysicsInterface.h">
      <Filter>Physics</Filter>
    </ClInclude>
    <ClInclude Include="..\SharedSource\base\Renderer\VisibilityTileGrid.h">
      <Filter>Desperabis\Renderer</Filter>
    </ClInclude>
    <ClInclude Include="..\SharedSource\base\Renderer\GlobalSettings.h">
      <Filter>Desperabis\Renderer</Filter>
    </ClInclude>
    <ClInclude Include="..\SharedSource\base\DesperabisCommon.h">
      <Filter>Desperabis</Filter>
    </ClInclude>
  </ItemGroup>
  <ItemGroup>
    <None Include="..\SharedSource\base\Renderer\Renderer.inl">
      <Filter>Desperabis\Renderer</Filter>
    </None>
  </ItemGroup>
</Project>