
Microsoft Visual Studio Solution File, Format Version 12.00
# Visual Studio Version 17
VisualStudioVersion = 17.3.32929.385
MinimumVisualStudioVersion = 10.0.40219.1
Project("{2150E333-8FDC-42A3-9474-1A3956D46DE8}") = "tools", "tools", "{32902354-CFB2-4749-9644-78F8C6EAD0ED}"
EndProject
Project("{8BC9CEB8-8B4A-11D0-8D11-00A0C91BC942}") = "PackingTool", "PackingTool\PackingTool.vcxproj", "{CC62B897-1CB6-4CE6-8729-E6BE2636F37A}"
EndProject
Project("{2150E333-8FDC-42A3-9474-1A3956D46DE8}") = "libraries", "libraries", "{32AE7772-E675-423D-A388-A4C8A6B6A70A}"
EndProject
Project("{8BC9CEB8-8B4A-11D0-8D11-00A0C91BC942}") = "DesperabisBaseLib", "NewRenderer\BaseLibrary\DesperabisBaseLib.vcxproj", "{175C94FD-9C87-445A-8608-8CC4D7935797}"
EndProject
Project("{8BC9CEB8-8B4A-11D0-8D11-00A0C91BC942}") = "Desperabis-OpenXr-DX11", "NewRenderer\DesperabisOpenXr-DX11\DesperabisOpenXr-DX11.vcxproj", "{1118C580-DBB5-43DC-9355-E0E3229015AD}"
EndProject
Project("{8BC9CEB8-8B4A-11D0-8D11-00A0C91BC942}") = "GenerateBuiltInCpps", "NewRenderer\GenerateBuiltInCpps\GenerateBuiltInCpps.vcxproj", "{7A0708E8-E066-4715-8708-1AA61D1085B3}"
EndProject
Project("{8BC9CEB8-8B4A-11D0-8D11-00A0C91BC942}") = "ShaderCompiler-DX11", "NewRenderer\ShaderCompiler-DX11\ShaderCompiler-DX11.vcxproj", "{4A756A5A-3EA0-4800-8D32-125C524D5340}"
EndProject
Project("{8BC9CEB8-8B4A-11D0-8D11-00A0C91BC942}") = "Desperabis-DesktopPlayer", "NewRenderer\DesperabisDesktopPlayer\DesperabisRemotePlayer.vcxproj", "{CADA742C-C137-4771-AD7B-09C2269AC459}"
EndProject
Global
	GlobalSection(SolutionConfigurationPlatforms) = preSolution
		Debug|Any CPU = Debug|Any CPU
		Debug|ARM = Debug|ARM
		Debug|ARM64 = Debug|ARM64
		Debug|x64 = Debug|x64
		Debug|x86 = Debug|x86
		Release|Any CPU = Release|Any CPU
		Release|ARM = Release|ARM
		Release|ARM64 = Release|ARM64
		Release|x64 = Release|x64
		Release|x86 = Release|x86
	EndGlobalSection
	GlobalSection(ProjectConfigurationPlatforms) = postSolution
		{CC62B897-1CB6-4CE6-8729-E6BE2636F37A}.Debug|Any CPU.ActiveCfg = Debug|x64
		{CC62B897-1CB6-4CE6-8729-E6BE2636F37A}.Debug|Any CPU.Build.0 = Debug|x64
		{CC62B897-1CB6-4CE6-8729-E6BE2636F37A}.Debug|ARM.ActiveCfg = Debug|x64
		{CC62B897-1CB6-4CE6-8729-E6BE2636F37A}.Debug|ARM.Build.0 = Debug|x64
		{CC62B897-1CB6-4CE6-8729-E6BE2636F37A}.Debug|ARM64.ActiveCfg = Debug|x64
		{CC62B897-1CB6-4CE6-8729-E6BE2636F37A}.Debug|ARM64.Build.0 = Debug|x64
		{CC62B897-1CB6-4CE6-8729-E6BE2636F37A}.Debug|x64.ActiveCfg = Debug|x64
		{CC62B897-1CB6-4CE6-8729-E6BE2636F37A}.Debug|x64.Build.0 = Debug|x64
		{CC62B897-1CB6-4CE6-8729-E6BE2636F37A}.Debug|x86.ActiveCfg = Debug|Win32
		{CC62B897-1CB6-4CE6-8729-E6BE2636F37A}.Debug|x86.Build.0 = Debug|Win32
		{CC62B897-1CB6-4CE6-8729-E6BE2636F37A}.Release|Any CPU.ActiveCfg = Release|x64
		{CC62B897-1CB6-4CE6-8729-E6BE2636F37A}.Release|Any CPU.Build.0 = Release|x64
		{CC62B897-1CB6-4CE6-8729-E6BE2636F37A}.Release|ARM.ActiveCfg = Release|x64
		{CC62B897-1CB6-4CE6-8729-E6BE2636F37A}.Release|ARM.Build.0 = Release|x64
		{CC62B897-1CB6-4CE6-8729-E6BE2636F37A}.Release|ARM64.ActiveCfg = Release|x64
		{CC62B897-1CB6-4CE6-8729-E6BE2636F37A}.Release|ARM64.Build.0 = Release|x64
		{CC62B897-1CB6-4CE6-8729-E6BE2636F37A}.Release|x64.ActiveCfg = Release|x64
		{CC62B897-1CB6-4CE6-8729-E6BE2636F37A}.Release|x64.Build.0 = Release|x64
		{CC62B897-1CB6-4CE6-8729-E6BE2636F37A}.Release|x86.ActiveCfg = Release|Win32
		{CC62B897-1CB6-4CE6-8729-E6BE2636F37A}.Release|x86.Build.0 = Release|Win32
		{175C94FD-9C87-445A-8608-8CC4D7935797}.Debug|Any CPU.ActiveCfg = Debug|x64
		{175C94FD-9C87-445A-8608-8CC4D7935797}.Debug|Any CPU.Build.0 = Debug|x64
		{175C94FD-9C87-445A-8608-8CC4D7935797}.Debug|ARM.ActiveCfg = Debug|x64
		{175C94FD-9C87-445A-8608-8CC4D7935797}.Debug|ARM.Build.0 = Debug|x64
		{175C94FD-9C87-445A-8608-8CC4D7935797}.Debug|ARM64.ActiveCfg = Debug|x64
		{175C94FD-9C87-445A-8608-8CC4D7935797}.Debug|ARM64.Build.0 = Debug|x64
		{175C94FD-9C87-445A-8608-8CC4D7935797}.Debug|x64.ActiveCfg = Debug|x64
		{175C94FD-9C87-445A-8608-8CC4D7935797}.Debug|x64.Build.0 = Debug|x64
		{175C94FD-9C87-445A-8608-8CC4D7935797}.Debug|x86.ActiveCfg = Debug|Win32
		{175C94FD-9C87-445A-8608-8CC4D7935797}.Debug|x86.Build.0 = Debug|Win32
		{175C94FD-9C87-445A-8608-8CC4D7935797}.Release|Any CPU.ActiveCfg = Release|x64
		{175C94FD-9C87-445A-8608-8CC4D7935797}.Release|Any CPU.Build.0 = Release|x64
		{175C94FD-9C87-445A-8608-8CC4D7935797}.Release|ARM.ActiveCfg = Release|x64
		{175C94FD-9C87-445A-8608-8CC4D7935797}.Release|ARM.Build.0 = Release|x64
		{175C94FD-9C87-445A-8608-8CC4D7935797}.Release|ARM64.ActiveCfg = Release|x64
		{175C94FD-9C87-445A-8608-8CC4D7935797}.Release|ARM64.Build.0 = Release|x64
		{175C94FD-9C87-445A-8608-8CC4D7935797}.Release|x64.ActiveCfg = Release|x64
		{175C94FD-9C87-445A-8608-8CC4D7935797}.Release|x64.Build.0 = Release|x64
		{175C94FD-9C87-445A-8608-8CC4D7935797}.Release|x86.ActiveCfg = Release|Win32
		{175C94FD-9C87-445A-8608-8CC4D7935797}.Release|x86.Build.0 = Release|Win32
		{1118C580-DBB5-43DC-9355-E0E3229015AD}.Debug|Any CPU.ActiveCfg = Debug|x64
		{1118C580-DBB5-43DC-9355-E0E3229015AD}.Debug|Any CPU.Build.0 = Debug|x64
		{1118C580-DBB5-43DC-9355-E0E3229015AD}.Debug|ARM.ActiveCfg = Debug|x64
		{1118C580-DBB5-43DC-9355-E0E3229015AD}.Debug|ARM.Build.0 = Debug|x64
		{1118C580-DBB5-43DC-9355-E0E3229015AD}.Debug|ARM64.ActiveCfg = Debug|x64
		{1118C580-DBB5-43DC-9355-E0E3229015AD}.Debug|ARM64.Build.0 = Debug|x64
		{1118C580-DBB5-43DC-9355-E0E3229015AD}.Debug|x64.ActiveCfg = Debug|x64
		{1118C580-DBB5-43DC-9355-E0E3229015AD}.Debug|x64.Build.0 = Debug|x64
		{1118C580-DBB5-43DC-9355-E0E3229015AD}.Debug|x86.ActiveCfg = Debug|Win32
		{1118C580-DBB5-43DC-9355-E0E3229015AD}.Debug|x86.Build.0 = Debug|Win32
		{1118C580-DBB5-43DC-9355-E0E3229015AD}.Release|Any CPU.ActiveCfg = Release|x64
		{1118C580-DBB5-43DC-9355-E0E3229015AD}.Release|Any CPU.Build.0 = Release|x64
		{1118C580-DBB5-43DC-9355-E0E3229015AD}.Release|ARM.ActiveCfg = Release|x64
		{1118C580-DBB5-43DC-9355-E0E3229015AD}.Release|ARM.Build.0 = Release|x64
		{1118C580-DBB5-43DC-9355-E0E3229015AD}.Release|ARM64.ActiveCfg = Release|x64
		{1118C580-DBB5-43DC-9355-E0E3229015AD}.Release|ARM64.Build.0 = Release|x64
		{1118C580-DBB5-43DC-9355-E0E3229015AD}.Release|x64.ActiveCfg = Release|x64
		{1118C580-DBB5-43DC-9355-E0E3229015AD}.Release|x64.Build.0 = Release|x64
		{1118C580-DBB5-43DC-9355-E0E3229015AD}.Release|x86.ActiveCfg = Release|Win32
		{1118C580-DBB5-43DC-9355-E0E3229015AD}.Release|x86.Build.0 = Release|Win32
		{7A0708E8-E066-4715-8708-1AA61D1085B3}.Debug|Any CPU.ActiveCfg = Debug|x64
		{7A0708E8-E066-4715-8708-1AA61D1085B3}.Debug|Any CPU.Build.0 = Debug|x64
		{7A0708E8-E066-4715-8708-1AA61D1085B3}.Debug|ARM.ActiveCfg = Debug|x64
		{7A0708E8-E066-4715-8708-1AA61D1085B3}.Debug|ARM.Build.0 = Debug|x64
		{7A0708E8-E066-4715-8708-1AA61D1085B3}.Debug|ARM64.ActiveCfg = Debug|x64
		{7A0708E8-E066-4715-8708-1AA61D1085B3}.Debug|ARM64.Build.0 = Debug|x64
		{7A0708E8-E066-4715-8708-1AA61D1085B3}.Debug|x64.ActiveCfg = Debug|x64
		{7A0708E8-E066-4715-8708-1AA61D1085B3}.Debug|x64.Build.0 = Debug|x64
		{7A0708E8-E066-4715-8708-1AA61D1085B3}.Debug|x86.ActiveCfg = Debug|Win32
		{7A0708E8-E066-4715-8708-1AA61D1085B3}.Debug|x86.Build.0 = Debug|Win32
		{7A0708E8-E066-4715-8708-1AA61D1085B3}.Release|Any CPU.ActiveCfg = Release|x64
		{7A0708E8-E066-4715-8708-1AA61D1085B3}.Release|Any CPU.Build.0 = Release|x64
		{7A0708E8-E066-4715-8708-1AA61D1085B3}.Release|ARM.ActiveCfg = Release|x64
		{7A0708E8-E066-4715-8708-1AA61D1085B3}.Release|ARM.Build.0 = Release|x64
		{7A0708E8-E066-4715-8708-1AA61D1085B3}.Release|ARM64.ActiveCfg = Release|x64
		{7A0708E8-E066-4715-8708-1AA61D1085B3}.Release|ARM64.Build.0 = Release|x64
		{7A0708E8-E066-4715-8708-1AA61D1085B3}.Release|x64.ActiveCfg = Release|x64
		{7A0708E8-E066-4715-8708-1AA61D1085B3}.Release|x64.Build.0 = Release|x64
		{7A0708E8-E066-4715-8708-1AA61D1085B3}.Release|x86.ActiveCfg = Release|Win32
		{7A0708E8-E066-4715-8708-1AA61D1085B3}.Release|x86.Build.0 = Release|Win32
		{4A756A5A-3EA0-4800-8D32-125C524D5340}.Debug|Any CPU.ActiveCfg = Debug|x64
		{4A756A5A-3EA0-4800-8D32-125C524D5340}.Debug|Any CPU.Build.0 = Debug|x64
		{4A756A5A-3EA0-4800-8D32-125C524D5340}.Debug|ARM.ActiveCfg = Debug|x64
		{4A756A5A-3EA0-4800-8D32-125C524D5340}.Debug|ARM.Build.0 = Debug|x64
		{4A756A5A-3EA0-4800-8D32-125C524D5340}.Debug|ARM64.ActiveCfg = Debug|x64
		{4A756A5A-3EA0-4800-8D32-125C524D5340}.Debug|ARM64.Build.0 = Debug|x64
		{4A756A5A-3EA0-4800-8D32-125C524D5340}.Debug|x64.ActiveCfg = Debug|x64
		{4A756A5A-3EA0-4800-8D32-125C524D5340}.Debug|x64.Build.0 = Debug|x64
		{4A756A5A-3EA0-4800-8D32-125C524D5340}.Debug|x86.ActiveCfg = Debug|Win32
		{4A756A5A-3EA0-4800-8D32-125C524D5340}.Debug|x86.Build.0 = Debug|Win32
		{4A756A5A-3EA0-4800-8D32-125C524D5340}.Release|Any CPU.ActiveCfg = Release|x64
		{4A756A5A-3EA0-4800-8D32-125C524D5340}.Release|Any CPU.Build.0 = Release|x64
		{4A756A5A-3EA0-4800-8D32-125C524D5340}.Release|ARM.ActiveCfg = Release|x64
		{4A756A5A-3EA0-4800-8D32-125C524D5340}.Release|ARM.Build.0 = Release|x64
		{4A756A5A-3EA0-4800-8D32-125C524D5340}.Release|ARM64.ActiveCfg = Release|x64
		{4A756A5A-3EA0-4800-8D32-125C524D5340}.Release|ARM64.Build.0 = Release|x64
		{4A756A5A-3EA0-4800-8D32-125C524D5340}.Release|x64.ActiveCfg = Release|x64
		{4A756A5A-3EA0-4800-8D32-125C524D5340}.Release|x64.Build.0 = Release|x64
		{4A756A5A-3EA0-4800-8D32-125C524D5340}.Release|x86.ActiveCfg = Release|Win32
		{4A756A5A-3EA0-4800-8D32-125C524D5340}.Release|x86.Build.0 = Release|Win32
		{CADA742C-C137-4771-AD7B-09C2269AC459}.Debug|Any CPU.ActiveCfg = Debug|x64
		{CADA742C-C137-4771-AD7B-09C2269AC459}.Debug|Any CPU.Build.0 = Debug|x64
		{CADA742C-C137-4771-AD7B-09C2269AC459}.Debug|ARM.ActiveCfg = Debug|x64
		{CADA742C-C137-4771-AD7B-09C2269AC459}.Debug|ARM.Build.0 = Debug|x64
		{CADA742C-C137-4771-AD7B-09C2269AC459}.Debug|ARM64.ActiveCfg = Debug|x64
		{CADA742C-C137-4771-AD7B-09C2269AC459}.Debug|ARM64.Build.0 = Debug|x64
		{CADA742C-C137-4771-AD7B-09C2269AC459}.Debug|x64.ActiveCfg = Debug|x64
		{CADA742C-C137-4771-AD7B-09C2269AC459}.Debug|x64.Build.0 = Debug|x64
		{CADA742C-C137-4771-AD7B-09C2269AC459}.Debug|x86.ActiveCfg = Debug|Win32
		{CADA742C-C137-4771-AD7B-09C2269AC459}.Debug|x86.Build.0 = Debug|Win32
		{CADA742C-C137-4771-AD7B-09C2269AC459}.Release|Any CPU.ActiveCfg = Release|x64
		{CADA742C-C137-4771-AD7B-09C2269AC459}.Release|Any CPU.Build.0 = Release|x64
		{CADA742C-C137-4771-AD7B-09C2269AC459}.Release|ARM.ActiveCfg = Release|x64
		{CADA742C-C137-4771-AD7B-09C2269AC459}.Release|ARM.Build.0 = Release|x64
		{CADA742C-C137-4771-AD7B-09C2269AC459}.Release|ARM64.ActiveCfg = Release|x64
		{CADA742C-C137-4771-AD7B-09C2269AC459}.Release|ARM64.Build.0 = Release|x64
		{CADA742C-C137-4771-AD7B-09C2269AC459}.Release|x64.ActiveCfg = Release|x64
		{CADA742C-C137-4771-AD7B-09C2269AC459}.Release|x64.Build.0 = Release|x64
		{CADA742C-C137-4771-AD7B-09C2269AC459}.Release|x86.ActiveCfg = Release|Win32
		{CADA742C-C137-4771-AD7B-09C2269AC459}.Release|x86.Build.0 = Release|Win32
	EndGlobalSection
	GlobalSection(SolutionProperties) = preSolution
		HideSolutionNode = FALSE
	EndGlobalSection
	GlobalSection(NestedProjects) = preSolution
		{CC62B897-1CB6-4CE6-8729-E6BE2636F37A} = {32902354-CFB2-4749-9644-78F8C6EAD0ED}
		{175C94FD-9C87-445A-8608-8CC4D7935797} = {32AE7772-E675-423D-A388-A4C8A6B6A70A}
		{7A0708E8-E066-4715-8708-1AA61D1085B3} = {32902354-CFB2-4749-9644-78F8C6EAD0ED}
		{4A756A5A-3EA0-4800-8D32-125C524D5340} = {32AE7772-E675-423D-A388-A4C8A6B6A70A}
	EndGlobalSection
	GlobalSection(ExtensibilityGlobals) = postSolution
		SolutionGuid = {87620056-AB69-4CD4-BF5E-E2F1AF16B828}
	EndGlobalSection
EndGlobal
